
Microsoft Visual Studio Solution File, Format Version 12.00
# Visual Studio 2015
Project("{FAE04EC0-301F-11D3-BF4B-00C04F79EFBC}") = "LumberjackFox", "LumberjackFox.csproj", "{C5B8BA05-CBD2-34E9-7688-CF5DF2BA9A75}"
EndProject
Project("{FAE04EC0-301F-11D3-BF4B-00C04F79EFBC}") = "LumberjackFox.Editor", "LumberjackFox.Editor.csproj", "{4BCD6D7C-0EB8-50C9-B368-1AF6F5661232}"
EndProject
Global
	GlobalSection(SolutionConfigurationPlatforms) = preSolution
		Debug|Any CPU = Debug|Any CPU
		Release|Any CPU = Release|Any CPU
	EndGlobalSection
	GlobalSection(ProjectConfigurationPlatforms) = postSolution
		{C5B8BA05-CBD2-34E9-7688-CF5DF2BA9A75}.Debug|Any CPU.ActiveCfg = Debug|Any CPU
		{C5B8BA05-CBD2-34E9-7688-CF5DF2BA9A75}.Debug|Any CPU.Build.0 = Debug|Any CPU
		{C5B8BA05-CBD2-34E9-7688-CF5DF2BA9A75}.Release|Any CPU.ActiveCfg = Release|Any CPU
		{C5B8BA05-CBD2-34E9-7688-CF5DF2BA9A75}.Release|Any CPU.Build.0 = Release|Any CPU
		{4BCD6D7C-0EB8-50C9-B368-1AF6F5661232}.Debug|Any CPU.ActiveCfg = Debug|Any CPU
		{4BCD6D7C-0EB8-50C9-B368-1AF6F5661232}.Debug|Any CPU.Build.0 = Debug|Any CPU
		{4BCD6D7C-0EB8-50C9-B368-1AF6F5661232}.Release|Any CPU.ActiveCfg = Release|Any CPU
		{4BCD6D7C-0EB8-50C9-B368-1AF6F5661232}.Release|Any CPU.Build.0 = Release|Any CPU
	EndGlobalSection
	GlobalSection(SolutionProperties) = preSolution
		HideSolutionNode = FALSE
	EndGlobalSection
EndGlobal
